
Microsoft Visual Studio Solution File, Format Version 12.00
# Visual Studio Version 16
VisualStudioVersion = 16.0.31729.503
MinimumVisualStudioVersion = 10.0.40219.1
Project("{FAE04EC0-301F-11D3-BF4B-00C04F79EFBC}") = "Istorin_3_rabota", "Istorin_3_rabota\Istorin_3_rabota.csproj", "{6BC76C13-C72E-4038-B327-3746B137E6E2}"
EndProject
Global
	GlobalSection(SolutionConfigurationPlatforms) = preSolution
		Debug|Any CPU = Debug|Any CPU
		Release|Any CPU = Release|Any CPU
	EndGlobalSection
	GlobalSection(ProjectConfigurationPlatforms) = postSolution
		{6BC76C13-C72E-4038-B327-3746B137E6E2}.Debug|Any CPU.ActiveCfg = Debug|Any CPU
		{6BC76C13-C72E-4038-B327-3746B137E6E2}.Debug|Any CPU.Build.0 = Debug|Any CPU
		{6BC76C13-C72E-4038-B327-3746B137E6E2}.Release|Any CPU.ActiveCfg = Release|Any CPU
		{6BC76C13-C72E-4038-B327-3746B137E6E2}.Release|Any CPU.Build.0 = Release|Any CPU
	EndGlobalSection
	GlobalSection(SolutionProperties) = preSolution
		HideSolutionNode = FALSE
	EndGlobalSection
	GlobalSection(ExtensibilityGlobals) = postSolution
		SolutionGuid = {B94F19C3-089E-4366-AB76-0E280308FB56}
	EndGlobalSection
EndGlobal
